{
  "name": "vixeny-plugins",
  "lockfileVersion": 3,
  "requires": true,
  "packages": {
    "": {
      "name": "vixeny-plugins",
      "dependencies": {
        "@feathersjs/schema": "latest",
        "@feathersjs/typebox": "latest",
        "vixeny": "latest"
      },
      "devDependencies": {
        "@types/bun": "latest"
      },
      "peerDependencies": {
        "typescript": "^5.0.0"
      }
    },
    "node_modules/@babel/runtime": {
      "version": "7.24.7",
      "license": "MIT",
      "dependencies": {
        "regenerator-runtime": "^0.14.0"
      },
      "engines": {
        "node": ">=6.9.0"
      }
    },
    "node_modules/@feathersjs/adapter-commons": {
      "version": "5.0.25",
      "license": "MIT",
      "dependencies": {
        "@feathersjs/commons": "^5.0.25",
        "@feathersjs/errors": "^5.0.25",
        "@feathersjs/feathers": "^5.0.25"
      },
      "engines": {
        "node": ">= 12"
      },
      "funding": {
        "type": "opencollective",
        "url": "https://opencollective.com/feathers"
      }
    },
    "node_modules/@feathersjs/commons": {
      "version": "5.0.25",
      "license": "MIT",
      "engines": {
        "node": ">= 12"
      },
      "funding": {
        "type": "github",
        "url": "https://github.com/sponsors/daffl"
      }
    },
    "node_modules/@feathersjs/errors": {
      "version": "5.0.25",
      "license": "MIT",
      "engines": {
        "node": ">= 12"
      }
    },
    "node_modules/@feathersjs/feathers": {
      "version": "5.0.25",
      "license": "MIT",
      "dependencies": {
        "@feathersjs/commons": "^5.0.25",
        "@feathersjs/hooks": "^0.9.0",
        "events": "^3.3.0"
      },
      "engines": {
        "node": ">= 12"
      },
      "funding": {
        "type": "github",
        "url": "https://github.com/sponsors/daffl"
      }
    },
    "node_modules/@feathersjs/hooks": {
      "version": "0.9.0",
      "license": "MIT",
      "engines": {
        "node": ">= 14"
      }
    },
    "node_modules/@feathersjs/schema": {
      "version": "5.0.25",
      "resolved": "https://registry.npmjs.org/@feathersjs/schema/-/schema-5.0.25.tgz",
      "integrity": "sha512-PUhZ1jB4BMAx3JbRdZZFQ3dweAeewJw4gOeiMMFTKmm+5+4tk6stTpse6mpZlkoKWAx1gs4s4z7Hc7sMEM4pIQ==",
      "dependencies": {
        "@feathersjs/adapter-commons": "^5.0.25",
        "@feathersjs/commons": "^5.0.25",
        "@feathersjs/errors": "^5.0.25",
        "@feathersjs/feathers": "^5.0.25",
        "@feathersjs/hooks": "^0.9.0",
        "@types/json-schema": "^7.0.15",
        "ajv": "^8.13.0",
        "ajv-formats": "^3.0.1",
        "json-schema-to-ts": "^3.0.1"
      },
      "engines": {
        "node": ">= 12"
      },
      "funding": {
        "type": "github",
        "url": "https://github.com/sponsors/daffl"
      },
      "peerDependencies": {
        "typescript": ">=5.4"
      }
    },
    "node_modules/@feathersjs/typebox": {
      "version": "5.0.25",
      "resolved": "https://registry.npmjs.org/@feathersjs/typebox/-/typebox-5.0.25.tgz",
      "integrity": "sha512-zZm4mvyPgKKWWRm8eLM4+OS/8jKt4p3vyuSxdOEKFtyIH7LnRZp1LsVue6dlLj3GRgaKiCmousjWEZVUiVBc1Q==",
      "dependencies": {
        "@feathersjs/schema": "^5.0.25",
        "@sinclair/typebox": "^0.25.0"
      },
      "engines": {
        "node": ">= 12"
      },
      "funding": {
        "type": "github",
        "url": "https://github.com/sponsors/daffl"
      }
    },
    "node_modules/@sinclair/typebox": {
      "version": "0.25.24",
      "license": "MIT"
    },
    "node_modules/@types/bun": {
      "version": "1.1.3",
      "resolved": "https://registry.npmjs.org/@types/bun/-/bun-1.1.3.tgz",
      "integrity": "sha512-i+mVz8C/lx+RprDR6Mr402iE1kmajgJPnmSfJ/NvU85sGGXSylYZ/6yc+XhVLr2E/t8o6HmjwV0evtnUOR0CFA==",
      "dev": true,
      "dependencies": {
        "bun-types": "1.1.9"
      }
    },
    "node_modules/@types/json-schema": {
      "version": "7.0.15",
      "license": "MIT"
    },
    "node_modules/@types/node": {
      "version": "20.12.14",
      "dev": true,
      "license": "MIT",
      "dependencies": {
        "undici-types": "~5.26.4"
      }
    },
    "node_modules/@types/ws": {
      "version": "8.5.10",
      "dev": true,
      "license": "MIT",
      "dependencies": {
        "@types/node": "*"
      }
    },
    "node_modules/ajv": {
      "version": "8.16.0",
      "license": "MIT",
      "dependencies": {
        "fast-deep-equal": "^3.1.3",
        "json-schema-traverse": "^1.0.0",
        "require-from-string": "^2.0.2",
        "uri-js": "^4.4.1"
      },
      "funding": {
        "type": "github",
        "url": "https://github.com/sponsors/epoberezkin"
      }
    },
    "node_modules/ajv-formats": {
      "version": "3.0.1",
      "license": "MIT",
      "dependencies": {
        "ajv": "^8.0.0"
      },
      "peerDependencies": {
        "ajv": "^8.0.0"
      },
      "peerDependenciesMeta": {
        "ajv": {
          "optional": true
        }
      }
    },
    "node_modules/bun-types": {
      "version": "1.1.9",
      "dev": true,
      "license": "MIT",
      "dependencies": {
        "@types/node": "~20.12.8",
        "@types/ws": "~8.5.10"
      }
    },
    "node_modules/events": {
      "version": "3.3.0",
      "license": "MIT",
      "engines": {
        "node": ">=0.8.x"
      }
    },
    "node_modules/fast-deep-equal": {
      "version": "3.1.3",
      "license": "MIT"
    },
    "node_modules/json-schema-to-ts": {
      "version": "3.1.0",
      "license": "MIT",
      "dependencies": {
        "@babel/runtime": "^7.18.3",
        "ts-algebra": "^2.0.0"
      },
      "engines": {
        "node": ">=16"
      }
    },
    "node_modules/json-schema-traverse": {
      "version": "1.0.0",
      "license": "MIT"
    },
    "node_modules/punycode": {
      "version": "2.3.1",
      "license": "MIT",
      "engines": {
        "node": ">=6"
      }
    },
    "node_modules/regenerator-runtime": {
      "version": "0.14.1",
      "license": "MIT"
    },
    "node_modules/require-from-string": {
      "version": "2.0.2",
      "license": "MIT",
      "engines": {
        "node": ">=0.10.0"
      }
    },
    "node_modules/ts-algebra": {
      "version": "2.0.0",
      "license": "MIT"
    },
    "node_modules/typescript": {
      "version": "5.4.5",
      "license": "Apache-2.0",
      "peer": true,
      "bin": {
        "tsc": "bin/tsc",
        "tsserver": "bin/tsserver"
      },
      "engines": {
        "node": ">=14.17"
      }
    },
    "node_modules/undici-types": {
      "version": "5.26.5",
      "dev": true,
      "license": "MIT"
    },
    "node_modules/uri-js": {
      "version": "4.4.1",
      "license": "BSD-2-Clause",
      "dependencies": {
        "punycode": "^2.1.0"
      }
    },
    "node_modules/vixeny": {
      "version": "0.1.21",
      "resolved": "https://registry.npmjs.org/vixeny/-/vixeny-0.1.21.tgz",
      "integrity": "sha512-jqXDZgbolT3BTyx566iiB4MwV9awp9WM81MZnj/2zfxY4i08emwlwEOGbwIXod0gymLV1CrGZMyj9eYe63hH5g==",
      "peerDependencies": {
        "typescript": "^5.0.0"
      }
    }
  }
}
